// !$*UTF8*$!
{
	archiveVersion = 1;
	classes = {
	};
	objectVersion = 56;
	objects = {

/* Begin PBXBuildFile section */
		41A689F22A1B342C002E3590 /* AppDelegate.swift in Sources */ = {isa = PBXBuildFile; fileRef = 41A689F12A1B342C002E3590 /* AppDelegate.swift */; };
		41A689F42A1B342C002E3590 /* SceneDelegate.swift in Sources */ = {isa = PBXBuildFile; fileRef = 41A689F32A1B342C002E3590 /* SceneDelegate.swift */; };
		41A689F62A1B342C002E3590 /* ViewController.swift in Sources */ = {isa = PBXBuildFile; fileRef = 41A689F52A1B342C002E3590 /* ViewController.swift */; };
		41A689F92A1B342C002E3590 /* Main.storyboard in Resources */ = {isa = PBXBuildFile; fileRef = 41A689F72A1B342C002E3590 /* Main.storyboard */; };
		41A689FB2A1B342F002E3590 /* Assets.xcassets in Resources */ = {isa = PBXBuildFile; fileRef = 41A689FA2A1B342F002E3590 /* Assets.xcassets */; };
		41A689FE2A1B342F002E3590 /* LaunchScreen.storyboard in Resources */ = {isa = PBXBuildFile; fileRef = 41A689FC2A1B342F002E3590 /* LaunchScreen.storyboard */; };
		41A68A092A1B342F002E3590 /* SpotifyTests.swift in Sources */ = {isa = PBXBuildFile; fileRef = 41A68A082A1B342F002E3590 /* SpotifyTests.swift */; };
		41A68A132A1B342F002E3590 /* SpotifyUITests.swift in Sources */ = {isa = PBXBuildFile; fileRef = 41A68A122A1B342F002E3590 /* SpotifyUITests.swift */; };
		41A68A152A1B342F002E3590 /* SpotifyUITestsLaunchTests.swift in Sources */ = {isa = PBXBuildFile; fileRef = 41A68A142A1B342F002E3590 /* SpotifyUITestsLaunchTests.swift */; };
/* End PBXBuildFile section */

/* Begin PBXContainerItemProxy section */
		41A68A052A1B342F002E3590 /* PBXContainerItemProxy */ = {
			isa = PBXContainerItemProxy;
			containerPortal = 41A689E62A1B342C002E3590 /* Project object */;
			proxyType = 1;
			remoteGlobalIDString = 41A689ED2A1B342C002E3590;
			remoteInfo = Spotify;
		};
		41A68A0F2A1B342F002E3590 /* PBXContainerItemProxy */ = {
			isa = PBXContainerItemProxy;
			containerPortal = 41A689E62A1B342C002E3590 /* Project object */;
			proxyType = 1;
			remoteGlobalIDString = 41A689ED2A1B342C002E3590;
			remoteInfo = Spotify;
		};
/* End PBXContainerItemProxy section */

/* Begin PBXFileReference section */
		41A689EE2A1B342C002E3590 /* Spotify.app */ = {isa = PBXFileReference; explicitFileType = wrapper.application; includeInIndex = 0; path = Spotify.app; sourceTree = BUILT_PRODUCTS_DIR; };
		41A689F12A1B342C002E3590 /* AppDelegate.swift */ = {isa = PBXFileReference; lastKnownFileType = sourcecode.swift; path = AppDelegate.swift; sourceTree = "<group>"; };
		41A689F32A1B342C002E3590 /* SceneDelegate.swift */ = {isa = PBXFileReference; lastKnownFileType = sourcecode.swift; path = SceneDelegate.swift; sourceTree = "<group>"; };
		41A689F52A1B342C002E3590 /* ViewController.swift */ = {isa = PBXFileReference; lastKnownFileType = sourcecode.swift; path = ViewController.swift; sourceTree = "<group>"; };
		41A689F82A1B342C002E3590 /* Base */ = {isa = PBXFileReference; lastKnownFileType = file.storyboard; name = Base; path = Base.lproj/Main.storyboard; sourceTree = "<group>"; };
		41A689FA2A1B342F002E3590 /* Assets.xcassets */ = {isa = PBXFileReference; lastKnownFileType = folder.assetcatalog; path = Assets.xcassets; sourceTree = "<group>"; };
		41A689FD2A1B342F002E3590 /* Base */ = {isa = PBXFileReference; lastKnownFileType = file.storyboard; name = Base; path = Base.lproj/LaunchScreen.storyboard; sourceTree = "<group>"; };
		41A689FF2A1B342F002E3590 /* Info.plist */ = {isa = PBXFileReference; lastKnownFileType = text.plist.xml; path = Info.plist; sourceTree = "<group>"; };
		41A68A042A1B342F002E3590 /* SpotifyTests.xctest */ = {isa = PBXFileReference; explicitFileType = wrapper.cfbundle; includeInIndex = 0; path = SpotifyTests.xctest; sourceTree = BUILT_PRODUCTS_DIR; };
		41A68A082A1B342F002E3590 /* SpotifyTests.swift */ = {isa = PBXFileReference; lastKnownFileType = sourcecode.swift; path = SpotifyTests.swift; sourceTree = "<group>"; };
		41A68A0E2A1B342F002E3590 /* SpotifyUITests.xctest */ = {isa = PBXFileReference; explicitFileType = wrapper.cfbundle; includeInIndex = 0; path = SpotifyUITests.xctest; sourceTree = BUILT_PRODUCTS_DIR; };
		41A68A122A1B342F002E3590 /* SpotifyUITests.swift */ = {isa = PBXFileReference; lastKnownFileType = sourcecode.swift; path = SpotifyUITests.swift; sourceTree = "<group>"; };
		41A68A142A1B342F002E3590 /* SpotifyUITestsLaunchTests.swift */ = {isa = PBXFileReference; lastKnownFileType = sourcecode.swift; path = SpotifyUITestsLaunchTests.swift; sourceTree = "<group>"; };
/* End PBXFileReference section */

/* Begin PBXFrameworksBuildPhase section */
		41A689EB2A1B342C002E3590 /* Frameworks */ = {
			isa = PBXFrameworksBuildPhase;
			buildActionMask = 2147483647;
			files = (
			);
			runOnlyForDeploymentPostprocessing = 0;
		};
		41A68A012A1B342F002E3590 /* Frameworks */ = {
			isa = PBXFrameworksBuildPhase;
			buildActionMask = 2147483647;
			files = (
			);
			runOnlyForDeploymentPostprocessing = 0;
		};
		41A68A0B2A1B342F002E3590 /* Frameworks */ = {
			isa = PBXFrameworksBuildPhase;
			buildActionMask = 2147483647;
			files = (
			);
			runOnlyForDeploymentPostprocessing = 0;
		};
/* End PBXFrameworksBuildPhase section */

/* Begin PBXGroup section */
		41A689E52A1B342C002E3590 = {
			isa = PBXGroup;
			children = (
				41A689F02A1B342C002E3590 /* Spotify */,
				41A68A072A1B342F002E3590 /* SpotifyTests */,
				41A68A112A1B342F002E3590 /* SpotifyUITests */,
				41A689EF2A1B342C002E3590 /* Products */,
			);
			sourceTree = "<group>";
		};
		41A689EF2A1B342C002E3590 /* Products */ = {
			isa = PBXGroup;
			children = (
				41A689EE2A1B342C002E3590 /* Spotify.app */,
				41A68A042A1B342F002E3590 /* SpotifyTests.xctest */,
				41A68A0E2A1B342F002E3590 /* SpotifyUITests.xctest */,
			);
			name = Products;
			sourceTree = "<group>";
		};
		41A689F02A1B342C002E3590 /* Spotify */ = {
			isa = PBXGroup;
			children = (
				41A689F12A1B342C002E3590 /* AppDelegate.swift */,
				41A689F32A1B342C002E3590 /* SceneDelegate.swift */,
				41A689F52A1B342C002E3590 /* ViewController.swift */,
				41A689F72A1B342C002E3590 /* Main.storyboard */,
				41A689FA2A1B342F002E3590 /* Assets.xcassets */,
				41A689FC2A1B342F002E3590 /* LaunchScreen.storyboard */,
				41A689FF2A1B342F002E3590 /* Info.plist */,
			);
			path = Spotify;
			sourceTree = "<group>";
		};
		41A68A072A1B342F002E3590 /* SpotifyTests */ = {
			isa = PBXGroup;
			children = (
				41A68A082A1B342F002E3590 /* SpotifyTests.swift */,
			);
			path = SpotifyTests;
			sourceTree = "<group>";
		};
		41A68A112A1B342F002E3590 /* SpotifyUITests */ = {
			isa = PBXGroup;
			children = (
				41A68A122A1B342F002E3590 /* SpotifyUITests.swift */,
				41A68A142A1B342F002E3590 /* SpotifyUITestsLaunchTests.swift */,
			);
			path = SpotifyUITests;
			sourceTree = "<group>";
		};
/* End PBXGroup section */

/* Begin PBXNativeTarget section */
		41A689ED2A1B342C002E3590 /* Spotify */ = {
			isa = PBXNativeTarget;
			buildConfigurationList = 41A68A182A1B342F002E3590 /* Build configuration list for PBXNativeTarget "Spotify" */;
			buildPhases = (
				41A689EA2A1B342C002E3590 /* Sources */,
				41A689EB2A1B342C002E3590 /* Frameworks */,
				41A689EC2A1B342C002E3590 /* Resources */,
			);
			buildRules = (
			);
			dependencies = (
			);
			name = Spotify;
			productName = Spotify;
			productReference = 41A689EE2A1B342C002E3590 /* Spotify.app */;
			productType = "com.apple.product-type.application";
		};
		41A68A032A1B342F002E3590 /* SpotifyTests */ = {
			isa = PBXNativeTarget;
			buildConfigurationList = 41A68A1B2A1B342F002E3590 /* Build configuration list for PBXNativeTarget "SpotifyTests" */;
			buildPhases = (
				41A68A002A1B342F002E3590 /* Sources */,
				41A68A012A1B342F002E3590 /* Frameworks */,
				41A68A022A1B342F002E3590 /* Resources */,
			);
			buildRules = (
			);
			dependencies = (
				41A68A062A1B342F002E3590 /* PBXTargetDependency */,
			);
			name = SpotifyTests;
			productName = SpotifyTests;
			productReference = 41A68A042A1B342F002E3590 /* SpotifyTests.xctest */;
			productType = "com.apple.product-type.bundle.unit-test";
		};
		41A68A0D2A1B342F002E3590 /* SpotifyUITests */ = {
			isa = PBXNativeTarget;
			buildConfigurationList = 41A68A1E2A1B342F002E3590 /* Build configuration list for PBXNativeTarget "SpotifyUITests" */;
			buildPhases = (
				41A68A0A2A1B342F002E3590 /* Sources */,
				41A68A0B2A1B342F002E3590 /* Frameworks */,
				41A68A0C2A1B342F002E3590 /* Resources */,
			);
			buildRules = (
			);
			dependencies = (
				41A68A102A1B342F002E3590 /* PBXTargetDependency */,
			);
			name = SpotifyUITests;
			productName = SpotifyUITests;
			productReference = 41A68A0E2A1B342F002E3590 /* SpotifyUITests.xctest */;
			productType = "com.apple.product-type.bundle.ui-testing";
		};
/* End PBXNativeTarget section */

/* Begin PBXProject section */
		41A689E62A1B342C002E3590 /* Project object */ = {
			isa = PBXProject;
			attributes = {
				BuildIndependentTargetsInParallel = 1;
				LastSwiftUpdateCheck = 1420;
				LastUpgradeCheck = 1420;
				TargetAttributes = {
					41A689ED2A1B342C002E3590 = {
						CreatedOnToolsVersion = 14.2;
					};
					41A68A032A1B342F002E3590 = {
						CreatedOnToolsVersion = 14.2;
						TestTargetID = 41A689ED2A1B342C002E3590;
					};
					41A68A0D2A1B342F002E3590 = {
						CreatedOnToolsVersion = 14.2;
						TestTargetID = 41A689ED2A1B342C002E3590;
					};
				};
			};
			buildConfigurationList = 41A689E92A1B342C002E3590 /* Build configuration list for PBXProject "Spotify" */;
			compatibilityVersion = "Xcode 14.0";
			developmentRegion = en;
			hasScannedForEncodings = 0;
			knownRegions = (
				en,
				Base,
			);
			mainGroup = 41A689E52A1B342C002E3590;
			productRefGroup = 41A689EF2A1B342C002E3590 /* Products */;
			projectDirPath = "";
			projectRoot = "";
			targets = (
				41A689ED2A1B342C002E3590 /* Spotify */,
				41A68A032A1B342F002E3590 /* SpotifyTests */,
				41A68A0D2A1B342F002E3590 /* SpotifyUITests */,
			);
		};
/* End PBXProject section */

/* Begin PBXResourcesBuildPhase section */
		41A689EC2A1B342C002E3590 /* Resources */ = {
			isa = PBXResourcesBuildPhase;
			buildActionMask = 2147483647;
			files = (
				41A689FE2A1B342F002E3590 /* LaunchScreen.storyboard in Resources */,
				41A689FB2A1B342F002E3590 /* Assets.xcassets in Resources */,
				41A689F92A1B342C002E3590 /* Main.storyboard in Resources */,
			);
			runOnlyForDeploymentPostprocessing = 0;
		};
		41A68A022A1B342F002E3590 /* Resources */ = {
			isa = PBXResourcesBuildPhase;
			buildActionMask = 2147483647;
			files = (
			);
			runOnlyForDeploymentPostprocessing = 0;
		};
		41A68A0C2A1B342F002E3590 /* Resources */ = {
			isa = PBXResourcesBuildPhase;
			buildActionMask = 2147483647;
			files = (
			);
			runOnlyForDeploymentPostprocessing = 0;
		};
/* End PBXResourcesBuildPhase section */

/* Begin PBXSourcesBuildPhase section */
		41A689EA2A1B342C002E3590 /* Sources */ = {
			isa = PBXSourcesBuildPhase;
			buildActionMask = 2147483647;
			files = (
				41A689F62A1B342C002E3590 /* ViewController.swift in Sources */,
				41A689F22A1B342C002E3590 /* AppDelegate.swift in Sources */,
				41A689F42A1B342C002E3590 /* SceneDelegate.swift in Sources */,
			);
			runOnlyForDeploymentPostprocessing = 0;
		};
		41A68A002A1B342F002E3590 /* Sources */ = {
			isa = PBXSourcesBuildPhase;
			buildActionMask = 2147483647;
			files = (
				41A68A092A1B342F002E3590 /* SpotifyTests.swift in Sources */,
			);
			runOnlyForDeploymentPostprocessing = 0;
		};
		41A68A0A2A1B342F002E3590 /* Sources */ = {
			isa = PBXSourcesBuildPhase;
			buildActionMask = 2147483647;
			files = (
				41A68A132A1B342F002E3590 /* SpotifyUITests.swift in Sources */,
				41A68A152A1B342F002E3590 /* SpotifyUITestsLaunchTests.swift in Sources */,
			);
			runOnlyForDeploymentPostprocessing = 0;
		};
/* End PBXSourcesBuildPhase section */

/* Begin PBXTargetDependency section */
		41A68A062A1B342F002E3590 /* PBXTargetDependency */ = {
			isa = PBXTargetDependency;
			target = 41A689ED2A1B342C002E3590 /* Spotify */;
			targetProxy = 41A68A052A1B342F002E3590 /* PBXContainerItemProxy */;
		};
		41A68A102A1B342F002E3590 /* PBXTargetDependency */ = {
			isa = PBXTargetDependency;
			target = 41A689ED2A1B342C002E3590 /* Spotify */;
			targetProxy = 41A68A0F2A1B342F002E3590 /* PBXContainerItemProxy */;
		};
/* End PBXTargetDependency section */

/* Begin PBXVariantGroup section */
		41A689F72A1B342C002E3590 /* Main.storyboard */ = {
			isa = PBXVariantGroup;
			children = (
				41A689F82A1B342C002E3590 /* Base */,
			);
			name = Main.storyboard;
			sourceTree = "<group>";
		};
		41A689FC2A1B342F002E3590 /* LaunchScreen.storyboard */ = {
			isa = PBXVariantGroup;
			children = (
				41A689FD2A1B342F002E3590 /* Base */,
			);
			name = LaunchScreen.storyboard;
			sourceTree = "<group>";
		};
/* End PBXVariantGroup section */

/* Begin XCBuildConfiguration section */
		41A68A162A1B342F002E3590 /* Debug */ = {
			isa = XCBuildConfiguration;
			buildSettings = {
				ALWAYS_SEARCH_USER_PATHS = NO;
				CLANG_ANALYZER_NONNULL = YES;
				CLANG_ANALYZER_NUMBER_OBJECT_CONVERSION = YES_AGGRESSIVE;
				CLANG_CXX_LANGUAGE_STANDARD = "gnu++20";
				CLANG_ENABLE_MODULES = YES;
				CLANG_ENABLE_OBJC_ARC = YES;
				CLANG_ENABLE_OBJC_WEAK = YES;
				CLANG_WARN_BLOCK_CAPTURE_AUTORELEASING = YES;
				CLANG_WARN_BOOL_CONVERSION = YES;
				CLANG_WARN_COMMA = YES;
				CLANG_WARN_CONSTANT_CONVERSION = YES;
				CLANG_WARN_DEPRECATED_OBJC_IMPLEMENTATIONS = YES;
				CLANG_WARN_DIRECT_OBJC_ISA_USAGE = YES_ERROR;
				CLANG_WARN_DOCUMENTATION_COMMENTS = YES;
				CLANG_WARN_EMPTY_BODY = YES;
				CLANG_WARN_ENUM_CONVERSION = YES;
				CLANG_WARN_INFINITE_RECURSION = YES;
				CLANG_WARN_INT_CONVERSION = YES;
				CLANG_WARN_NON_LITERAL_NULL_CONVERSION = YES;
				CLANG_WARN_OBJC_IMPLICIT_RETAIN_SELF = YES;
				CLANG_WARN_OBJC_LITERAL_CONVERSION = YES;
				CLANG_WARN_OBJC_ROOT_CLASS = YES_ERROR;
				CLANG_WARN_QUOTED_INCLUDE_IN_FRAMEWORK_HEADER = YES;
				CLANG_WARN_RANGE_LOOP_ANALYSIS = YES;
				CLANG_WARN_STRICT_PROTOTYPES = YES;
				CLANG_WARN_SUSPICIOUS_MOVE = YES;
				CLANG_WARN_UNGUARDED_AVAILABILITY = YES_AGGRESSIVE;
				CLANG_WARN_UNREACHABLE_CODE = YES;
				CLANG_WARN__DUPLICATE_METHOD_MATCH = YES;
				COPY_PHASE_STRIP = NO;
				DEBUG_INFORMATION_FORMAT = dwarf;
				ENABLE_STRICT_OBJC_MSGSEND = YES;
				ENABLE_TESTABILITY = YES;
				GCC_C_LANGUAGE_STANDARD = gnu11;
				GCC_DYNAMIC_NO_PIC = NO;
				GCC_NO_COMMON_BLOCKS = YES;
				GCC_OPTIMIZATION_LEVEL = 0;
				GCC_PREPROCESSOR_DEFINITIONS = (
					"DEBUG=1",
					"$(inherited)",
				);
				GCC_WARN_64_TO_32_BIT_CONVERSION = YES;
				GCC_WARN_ABOUT_RETURN_TYPE = YES_ERROR;
				GCC_WARN_UNDECLARED_SELECTOR = YES;
				GCC_WARN_UNINITIALIZED_AUTOS = YES_AGGRESSIVE;
				GCC_WARN_UNUSED_FUNCTION = YES;
				GCC_WARN_UNUSED_VARIABLE = YES;
				IPHONEOS_DEPLOYMENT_TARGET = 16.2;
				MTL_ENABLE_DEBUG_INFO = INCLUDE_SOURCE;
				MTL_FAST_MATH = YES;
				ONLY_ACTIVE_ARCH = YES;
				SDKROOT = iphoneos;
				SWIFT_ACTIVE_COMPILATION_CONDITIONS = DEBUG;
				SWIFT_OPTIMIZATION_LEVEL = "-Onone";
			};
			name = Debug;
		};
		41A68A172A1B342F002E3590 /* Release */ = {
			isa = XCBuildConfiguration;
			buildSettings = {
				ALWAYS_SEARCH_USER_PATHS = NO;
				CLANG_ANALYZER_NONNULL = YES;
				CLANG_ANALYZER_NUMBER_OBJECT_CONVERSION = YES_AGGRESSIVE;
				CLANG_CXX_LANGUAGE_STANDARD = "gnu++20";
				CLANG_ENABLE_MODULES = YES;
				CLANG_ENABLE_OBJC_ARC = YES;
				CLANG_ENABLE_OBJC_WEAK = YES;
				CLANG_WARN_BLOCK_CAPTURE_AUTORELEASING = YES;
				CLANG_WARN_BOOL_CONVERSION = YES;
				CLANG_WARN_COMMA = YES;
				CLANG_WARN_CONSTANT_CONVERSION = YES;
				CLANG_WARN_DEPRECATED_OBJC_IMPLEMENTATIONS = YES;
				CLANG_WARN_DIRECT_OBJC_ISA_USAGE = YES_ERROR;
				CLANG_WARN_DOCUMENTATION_COMMENTS = YES;
				CLANG_WARN_EMPTY_BODY = YES;
				CLANG_WARN_ENUM_CONVERSION = YES;
				CLANG_WARN_INFINITE_RECURSION = YES;
				CLANG_WARN_INT_CONVERSION = YES;
				CLANG_WARN_NON_LITERAL_NULL_CONVERSION = YES;
				CLANG_WARN_OBJC_IMPLICIT_RETAIN_SELF = YES;
				CLANG_WARN_OBJC_LITERAL_CONVERSION = YES;
				CLANG_WARN_OBJC_ROOT_CLASS = YES_ERROR;
				CLANG_WARN_QUOTED_INCLUDE_IN_FRAMEWORK_HEADER = YES;
				CLANG_WARN_RANGE_LOOP_ANALYSIS = YES;
				CLANG_WARN_STRICT_PROTOTYPES = YES;
				CLANG_WARN_SUSPICIOUS_MOVE = YES;
				CLANG_WARN_UNGUARDED_AVAILABILITY = YES_AGGRESSIVE;
				CLANG_WARN_UNREACHABLE_CODE = YES;
				CLANG_WARN__DUPLICATE_METHOD_MATCH = YES;
				COPY_PHASE_STRIP = NO;
				DEBUG_INFORMATION_FORMAT = "dwarf-with-dsym";
				ENABLE_NS_ASSERTIONS = NO;
				ENABLE_STRICT_OBJC_MSGSEND = YES;
				GCC_C_LANGUAGE_STANDARD = gnu11;
				GCC_NO_COMMON_BLOCKS = YES;
				GCC_WARN_64_TO_32_BIT_CONVERSION = YES;
				GCC_WARN_ABOUT_RETURN_TYPE = YES_ERROR;
				GCC_WARN_UNDECLARED_SELECTOR = YES;
				GCC_WARN_UNINITIALIZED_AUTOS = YES_AGGRESSIVE;
				GCC_WARN_UNUSED_FUNCTION = YES;
				GCC_WARN_UNUSED_VARIABLE = YES;
				IPHONEOS_DEPLOYMENT_TARGET = 16.2;
				MTL_ENABLE_DEBUG_INFO = NO;
				MTL_FAST_MATH = YES;
				SDKROOT = iphoneos;
				SWIFT_COMPILATION_MODE = wholemodule;
				SWIFT_OPTIMIZATION_LEVEL = "-O";
				VALIDATE_PRODUCT = YES;
			};
			name = Release;
		};
		41A68A192A1B342F002E3590 /* Debug */ = {
			isa = XCBuildConfiguration;
			buildSettings = {
				ASSETCATALOG_COMPILER_APPICON_NAME = AppIcon;
				ASSETCATALOG_COMPILER_GLOBAL_ACCENT_COLOR_NAME = AccentColor;
				CODE_SIGN_STYLE = Automatic;
				CURRENT_PROJECT_VERSION = 1;
				DEVELOPMENT_TEAM = 8A2XNZ3KVG;
				GENERATE_INFOPLIST_FILE = YES;
				INFOPLIST_FILE = Spotify/Info.plist;
				INFOPLIST_KEY_UIApplicationSupportsIndirectInputEvents = YES;
				INFOPLIST_KEY_UILaunchStoryboardName = LaunchScreen;
				INFOPLIST_KEY_UIMainStoryboardFile = Main;
				INFOPLIST_KEY_UISupportedInterfaceOrientations_iPad = "UIInterfaceOrientationPortrait UIInterfaceOrientationPortraitUpsideDown UIInterfaceOrientationLandscapeLeft UIInterfaceOrientationLandscapeRight";
				INFOPLIST_KEY_UISupportedInterfaceOrientations_iPhone = "UIInterfaceOrientationPortrait UIInterfaceOrientationLandscapeLeft UIInterfaceOrientationLandscapeRight";
				LD_RUNPATH_SEARCH_PATHS = (
					"$(inherited)",
					"@executable_path/Frameworks",
				);
				MARKETING_VERSION = 1.0;
				PRODUCT_BUNDLE_IDENTIFIER = com.powerplay.Spotify;
				PRODUCT_NAME = "$(TARGET_NAME)";
				SWIFT_EMIT_LOC_STRINGS = YES;
				SWIFT_VERSION = 5.0;
				TARGETED_DEVICE_FAMILY = "1,2";
			};
			name = Debug;
		};
		41A68A1A2A1B342F002E3590 /* Release */ = {
			isa = XCBuildConfiguration;
			buildSettings = {
				ASSETCATALOG_COMPILER_APPICON_NAME = AppIcon;
				ASSETCATALOG_COMPILER_GLOBAL_ACCENT_COLOR_NAME = AccentColor;
				CODE_SIGN_STYLE = Automatic;
				CURRENT_PROJECT_VERSION = 1;
				DEVELOPMENT_TEAM = 8A2XNZ3KVG;
				GENERATE_INFOPLIST_FILE = YES;
				INFOPLIST_FILE = Spotify/Info.plist;
				INFOPLIST_KEY_UIApplicationSupportsIndirectInputEvents = YES;
				INFOPLIST_KEY_UILaunchStoryboardName = LaunchScreen;
				INFOPLIST_KEY_UIMainStoryboardFile = Main;
				INFOPLIST_KEY_UISupportedInterfaceOrientations_iPad = "UIInterfaceOrientationPortrait UIInterfaceOrientationPortraitUpsideDown UIInterfaceOrientationLandscapeLeft UIInterfaceOrientationLandscapeRight";
				INFOPLIST_KEY_UISupportedInterfaceOrientations_iPhone = "UIInterfaceOrientationPortrait UIInterfaceOrientationLandscapeLeft UIInterfaceOrientationLandscapeRight";
				LD_RUNPATH_SEARCH_PATHS = (
					"$(inherited)",
					"@executable_path/Frameworks",
				);
				MARKETING_VERSION = 1.0;
				PRODUCT_BUNDLE_IDENTIFIER = com.powerplay.Spotify;
				PRODUCT_NAME = "$(TARGET_NAME)";
				SWIFT_EMIT_LOC_STRINGS = YES;
				SWIFT_VERSION = 5.0;
				TARGETED_DEVICE_FAMILY = "1,2";
			};
			name = Release;
		};
		41A68A1C2A1B342F002E3590 /* Debug */ = {
			isa = XCBuildConfiguration;
			buildSettings = {
				ALWAYS_EMBED_SWIFT_STANDARD_LIBRARIES = YES;
				BUNDLE_LOADER = "$(TEST_HOST)";
				CODE_SIGN_STYLE = Automatic;
				CURRENT_PROJECT_VERSION = 1;
				DEVELOPMENT_TEAM = 8A2XNZ3KVG;
				GENERATE_INFOPLIST_FILE = YES;
				IPHONEOS_DEPLOYMENT_TARGET = 16.2;
				MARKETING_VERSION = 1.0;
				PRODUCT_BUNDLE_IDENTIFIER = com.powerplay.SpotifyTests;
				PRODUCT_NAME = "$(TARGET_NAME)";
				SWIFT_EMIT_LOC_STRINGS = NO;
				SWIFT_VERSION = 5.0;
				TARGETED_DEVICE_FAMILY = "1,2";
				TEST_HOST = "$(BUILT_PRODUCTS_DIR)/Spotify.app/$(BUNDLE_EXECUTABLE_FOLDER_PATH)/Spotify";
			};
			name = Debug;
		};
		41A68A1D2A1B342F002E3590 /* Release */ = {
			isa = XCBuildConfiguration;
			buildSettings = {
				ALWAYS_EMBED_SWIFT_STANDARD_LIBRARIES = YES;
				BUNDLE_LOADER = "$(TEST_HOST)";
				CODE_SIGN_STYLE = Automatic;
				CURRENT_PROJECT_VERSION = 1;
				DEVELOPMENT_TEAM = 8A2XNZ3KVG;
				GENERATE_INFOPLIST_FILE = YES;
				IPHONEOS_DEPLOYMENT_TARGET = 16.2;
				MARKETING_VERSION = 1.0;
				PRODUCT_BUNDLE_IDENTIFIER = com.powerplay.SpotifyTests;
				PRODUCT_NAME = "$(TARGET_NAME)";
				SWIFT_EMIT_LOC_STRINGS = NO;
				SWIFT_VERSION = 5.0;
				TARGETED_DEVICE_FAMILY = "1,2";
				TEST_HOST = "$(BUILT_PRODUCTS_DIR)/Spotify.app/$(BUNDLE_EXECUTABLE_FOLDER_PATH)/Spotify";
			};
			name = Release;
		};
		41A68A1F2A1B342F002E3590 /* Debug */ = {
			isa = XCBuildConfiguration;
			buildSettings = {
				ALWAYS_EMBED_SWIFT_STANDARD_LIBRARIES = YES;
				CODE_SIGN_STYLE = Automatic;
				CURRENT_PROJECT_VERSION = 1;
				DEVELOPMENT_TEAM = 8A2XNZ3KVG;
				GENERATE_INFOPLIST_FILE = YES;
				MARKETING_VERSION = 1.0;
				PRODUCT_BUNDLE_IDENTIFIER = com.powerplay.SpotifyUITests;
				PRODUCT_NAME = "$(TARGET_NAME)";
				SWIFT_EMIT_LOC_STRINGS = NO;
				SWIFT_VERSION = 5.0;
				TARGETED_DEVICE_FAMILY = "1,2";
				TEST_TARGET_NAME = Spotify;
			};
			name = Debug;
		};
		41A68A202A1B342F002E3590 /* Release */ = {
			isa = XCBuildConfiguration;
			buildSettings = {
				ALWAYS_EMBED_SWIFT_STANDARD_LIBRARIES = YES;
				CODE_SIGN_STYLE = Automatic;
				CURRENT_PROJECT_VERSION = 1;
				DEVELOPMENT_TEAM = 8A2XNZ3KVG;
				GENERATE_INFOPLIST_FILE = YES;
				MARKETING_VERSION = 1.0;
				PRODUCT_BUNDLE_IDENTIFIER = com.powerplay.SpotifyUITests;
				PRODUCT_NAME = "$(TARGET_NAME)";
				SWIFT_EMIT_LOC_STRINGS = NO;
				SWIFT_VERSION = 5.0;
				TARGETED_DEVICE_FAMILY = "1,2";
				TEST_TARGET_NAME = Spotify;
			};
			name = Release;
		};
/* End XCBuildConfiguration section */

/* Begin XCConfigurationList section */
		41A689E92A1B342C002E3590 /* Build configuration list for PBXProject "Spotify" */ = {
			isa = XCConfigurationList;
			buildConfigurations = (
				41A68A162A1B342F002E3590 /* Debug */,
				41A68A172A1B342F002E3590 /* Release */,
			);
			defaultConfigurationIsVisible = 0;
			defaultConfigurationName = Release;
		};
		41A68A182A1B342F002E3590 /* Build configuration list for PBXNativeTarget "Spotify" */ = {
			isa = XCConfigurationList;
			buildConfigurations = (
				41A68A192A1B342F002E3590 /* Debug */,
				41A68A1A2A1B342F002E3590 /* Release */,
			);
			defaultConfigurationIsVisible = 0;
			defaultConfigurationName = Release;
		};
		41A68A1B2A1B342F002E3590 /* Build configuration list for PBXNativeTarget "SpotifyTests" */ = {
			isa = XCConfigurationList;
			buildConfigurations = (
				41A68A1C2A1B342F002E3590 /* Debug */,
				41A68A1D2A1B342F002E3590 /* Release */,
			);
			defaultConfigurationIsVisible = 0;
			defaultConfigurationName = Release;
		};
		41A68A1E2A1B342F002E3590 /* Build configuration list for PBXNativeTarget "SpotifyUITests" */ = {
			isa = XCConfigurationList;
			buildConfigurations = (
				41A68A1F2A1B342F002E3590 /* Debug */,
				41A68A202A1B342F002E3590 /* Release */,
			);
			defaultConfigurationIsVisible = 0;
			defaultConfigurationName = Release;
		};
/* End XCConfigurationList section */
	};
	rootObject = 41A689E62A1B342C002E3590 /* Project object */;
}
